<?xml version="1.0" encoding="utf-8"?>
<Project ToolsVersion="4.0" xmlns="http://schemas.microsoft.com/developer/msbuild/2003">
  <ItemGroup>
    <Filter Include="Source Files">
      <UniqueIdentifier>{4FC737F1-C7A5-4376-A066-2A32D752A2FF}</UniqueIdentifier>
      <Extensions>cpp;c;cc;cxx;c++;cppm;ixx;def;odl;idl;hpj;bat;asm;asmx</Extensions>
    </Filter>
    <Filter Include="Header Files">
      <UniqueIdentifier>{93995380-89BD-4b04-88EB-625FBE52EBFB}</UniqueIdentifier>
      <Extensions>h;hh;hpp;hxx;h++;hm;inl;inc;ipp;xsd</Extensions>
    </Filter>
    <Filter Include="Resource Files">
      <UniqueIdentifier>{67DA6AB6-F800-4c08-8B7A-83BB121AAD01}</UniqueIdentifier>
      <Extensions>rc;ico;cur;bmp;dlg;rc2;rct;bin;rgs;gif;jpg;jpeg;jpe;resx;tiff;tif;png;wav;mfcribbon-ms</Extensions>
    </Filter>
  </ItemGroup>
  <ItemGroup>
    <ClCompile Include="..\..\gctp\src\alberfor.c">
      <Filter>Source Files</Filter>
    </ClCompile>
    <ClCompile Include="..\..\gctp\src\alberinv.c">
      <Filter>Source Files</Filter>
    </ClCompile>
    <ClCompile Include="..\..\gctp\src\alconfor.c">
      <Filter>Source Files</Filter>
    </ClCompile>
    <ClCompile Include="..\..\gctp\src\alconinv.c">
      <Filter>Source Files</Filter>
    </ClCompile>
    <ClCompile Include="..\..\gctp\src\azimfor.c">
      <Filter>Source Files</Filter>
    </ClCompile>
    <ClCompile Include="..\..\gctp\src\aziminv.c">
      <Filter>Source Files</Filter>
    </ClCompile>
    <ClCompile Include="..\..\gctp\src\bceafor.c">
      <Filter>Source Files</Filter>
    </ClCompile>
    <ClCompile Include="..\..\gctp\src\bceainv.c">
      <Filter>Source Files</Filter>
    </ClCompile>
    <ClCompile Include="..\..\gctp\src\br_gctp.c">
      <Filter>Source Files</Filter>
    </ClCompile>
    <ClCompile Include="..\..\gctp\src\ceafor.c">
      <Filter>Source Files</Filter>
    </ClCompile>
    <ClCompile Include="..\..\gctp\src\ceainv.c">
      <Filter>Source Files</Filter>
    </ClCompile>
    <ClCompile Include="..\..\gctp\src\cproj.c">
      <Filter>Source Files</Filter>
    </ClCompile>
    <ClCompile Include="..\..\gctp\src\eqconfor.c">
      <Filter>Source Files</Filter>
    </ClCompile>
    <ClCompile Include="..\..\gctp\src\eqconinv.c">
      <Filter>Source Files</Filter>
    </ClCompile>
    <ClCompile Include="..\..\gctp\src\equifor.c">
      <Filter>Source Files</Filter>
    </ClCompile>
    <ClCompile Include="..\..\gctp\src\equiinv.c">
      <Filter>Source Files</Filter>
    </ClCompile>
    <ClCompile Include="..\..\gctp\src\for_init.c">
      <Filter>Source Files</Filter>
    </ClCompile>
    <ClCompile Include="..\..\gctp\src\gctp.c">
      <Filter>Source Files</Filter>
    </ClCompile>
    <ClCompile Include="..\..\gctp\src\gnomfor.c">
      <Filter>Source Files</Filter>
    </ClCompile>
    <ClCompile Include="..\..\gctp\src\gnominv.c">
      <Filter>Source Files</Filter>
    </ClCompile>
    <ClCompile Include="..\..\gctp\src\goodfor.c">
      <Filter>Source Files</Filter>
    </ClCompile>
    <ClCompile Include="..\..\gctp\src\goodinv.c">
      <Filter>Source Files</Filter>
    </ClCompile>
    <ClCompile Include="..\..\gctp\src\gvnspfor.c">
      <Filter>Source Files</Filter>
    </ClCompile>
    <ClCompile Include="..\..\gctp\src\gvnspinv.c">
      <Filter>Source Files</Filter>
    </ClCompile>
    <ClCompile Include="..\..\gctp\src\hamfor.c">
      <Filter>Source Files</Filter>
    </ClCompile>
    <ClCompile Include="..\..\gctp\src\haminv.c">
      <Filter>Source Files</Filter>
    </ClCompile>
    <ClCompile Include="..\..\gctp\src\imolwfor.c">
      <Filter>Source Files</Filter>
    </ClCompile>
    <ClCompile Include="..\..\gctp\src\imolwinv.c">
      <Filter>Source Files</Filter>
    </ClCompile>
    <ClCompile Include="..\..\gctp\src\inv_init.c">
      <Filter>Source Files</Filter>
    </ClCompile>
    <ClCompile Include="..\..\gctp\src\isinusfor.c">
      <Filter>Source Files</Filter>
    </ClCompile>
    <ClCompile Include="..\..\gctp\src\isinusinv.c">
      <Filter>Source Files</Filter>
    </ClCompile>
    <ClCompile Include="..\..\gctp\src\lamazfor.c">
      <Filter>Source Files</Filter>
    </ClCompile>
    <ClCompile Include="..\..\gctp\src\lamazinv.c">
      <Filter>Source Files</Filter>
    </ClCompile>
    <ClCompile Include="..\..\gctp\src\lamccfor.c">
      <Filter>Source Files</Filter>
    </ClCompile>
    <ClCompile Include="..\..\gctp\src\lamccinv.c">
      <Filter>Source Files</Filter>
    </ClCompile>
    <ClCompile Include="..\..\gctp\src\merfor.c">
      <Filter>Source Files</Filter>
    </ClCompile>
    <ClCompile Include="..\..\gctp\src\merinv.c">
      <Filter>Source Files</Filter>
    </ClCompile>
    <ClCompile Include="..\..\gctp\src\millfor.c">
      <Filter>Source Files</Filter>
    </ClCompile>
    <ClCompile Include="..\..\gctp\src\millinv.c">
      <Filter>Source Files</Filter>
    </ClCompile>
    <ClCompile Include="..\..\gctp\src\molwfor.c">
      <Filter>Source Files</Filter>
    </ClCompile>
    <ClCompile Include="..\..\gctp\src\molwinv.c">
      <Filter>Source Files</Filter>
    </ClCompile>
    <ClCompile Include="..\..\gctp\src\obleqfor.c">
      <Filter>Source Files</Filter>
    </ClCompile>
    <ClCompile Include="..\..\gctp\src\obleqinv.c">
      <Filter>Source Files</Filter>
    </ClCompile>
    <ClCompile Include="..\..\gctp\src\omerfor.c">
      <Filter>Source Files</Filter>
    </ClCompile>
    <ClCompile Include="..\..\gctp\src\omerinv.c">
      <Filter>Source Files</Filter>
    </ClCompile>
    <ClCompile Include="..\..\gctp\src\orthfor.c">
      <Filter>Source Files</Filter>
    </ClCompile>
    <ClCompile Include="..\..\gctp\src\orthinv.c">
      <Filter>Source Files</Filter>
    </ClCompile>
    <ClCompile Include="..\..\gctp\src\paksz.c">
      <Filter>Source Files</Filter>
    </ClCompile>
    <ClCompile Include="..\..\gctp\src\polyfor.c">
      <Filter>Source Files</Filter>
    </ClCompile>
    <ClCompile Include="..\..\gctp\src\polyinv.c">
      <Filter>Source Files</Filter>
    </ClCompile>
    <ClCompile Include="..\..\gctp\src\psfor.c">
      <Filter>Source Files</Filter>
    </ClCompile>
    <ClCompile Include="..\..\gctp\src\psinv.c">
      <Filter>Source Files</Filter>
    </ClCompile>
    <ClCompile Include="..\..\gctp\src\report.c">
      <Filter>Source Files</Filter>
    </ClCompile>
    <ClCompile Include="..\..\gctp\src\robfor.c">
      <Filter>Source Files</Filter>
    </ClCompile>
    <ClCompile Include="..\..\gctp\src\robinv.c">
      <Filter>Source Files</Filter>
    </ClCompile>
    <ClCompile Include="..\..\gctp\src\sinfor.c">
      <Filter>Source Files</Filter>
    </ClCompile>
    <ClCompile Include="..\..\gctp\src\sininv.c">
      <Filter>Source Files</Filter>
    </ClCompile>
    <ClCompile Include="..\..\gctp\src\somfor.c">
      <Filter>Source Files</Filter>
    </ClCompile>
    <ClCompile Include="..\..\gctp\src\sominv.c">
      <Filter>Source Files</Filter>
    </ClCompile>
    <ClCompile Include="..\..\gctp\src\sphdz.c">
      <Filter>Source Files</Filter>
    </ClCompile>
    <ClCompile Include="..\..\gctp\src\sterfor.c">
      <Filter>Source Files</Filter>
    </ClCompile>
    <ClCompile Include="..\..\gctp\src\sterinv.c">
      <Filter>Source Files</Filter>
    </ClCompile>
    <ClCompile Include="..\..\gctp\src\stplnfor.c">
      <Filter>Source Files</Filter>
    </ClCompile>
    <ClCompile Include="..\..\gctp\src\stplninv.c">
      <Filter>Source Files</Filter>
    </ClCompile>
    <ClCompile Include="..\..\gctp\src\tmfor.c">
      <Filter>Source Files</Filter>
    </ClCompile>
    <ClCompile Include="..\..\gctp\src\tminv.c">
      <Filter>Source Files</Filter>
    </ClCompile>
    <ClCompile Include="..\..\gctp\src\untfz.c">
      <Filter>Source Files</Filter>
    </ClCompile>
    <ClCompile Include="..\..\gctp\src\utmfor.c">
      <Filter>Source Files</Filter>
    </ClCompile>
    <ClCompile Include="..\..\gctp\src\utminv.c">
      <Filter>Source Files</Filter>
    </ClCompile>
    <ClCompile Include="..\..\gctp\src\vandgfor.c">
      <Filter>Source Files</Filter>
    </ClCompile>
    <ClCompile Include="..\..\gctp\src\vandginv.c">
      <Filter>Source Files</Filter>
    </ClCompile>
    <ClCompile Include="..\..\gctp\src\wivfor.c">
      <Filter>Source Files</Filter>
    </ClCompile>
    <ClCompile Include="..\..\gctp\src\wivinv.c">
      <Filter>Source Files</Filter>
    </ClCompile>
    <ClCompile Include="..\..\gctp\src\wviifor.c">
      <Filter>Source Files</Filter>
    </ClCompile>
    <ClCompile Include="..\..\gctp\src\wviiinv.c">
      <Filter>Source Files</Filter>
    </ClCompile>
    <ClCompile Include="..\..\src\EHapi.c">
      <Filter>Source Files</Filter>
    </ClCompile>
    <ClCompile Include="..\..\src\GDapi.c">
      <Filter>Source Files</Filter>
    </ClCompile>
    <ClCompile Include="..\..\src\PTapi.c">
      <Filter>Source Files</Filter>
    </ClCompile>
    <ClCompile Include="..\..\src\SWapi.c">
      <Filter>Source Files</Filter>
    </ClCompile>
  </ItemGroup>
</Project>